
Microsoft Visual Studio Solution File, Format Version 10.00
# Visual C# Express 2008
Project("{FAE04EC0-301F-11D3-BF4B-00C04F79EFBC}") = "ArgumentValidation", "ArgumentValidation\ArgumentValidation.csproj", "{107347C9-4C4A-46C5-A89B-574E2EC78824}"
EndProject
Global
	GlobalSection(SolutionConfigurationPlatforms) = preSolution
		Debug|Any CPU = Debug|Any CPU
		Release|Any CPU = Release|Any CPU
	EndGlobalSection
	GlobalSection(ProjectConfigurationPlatforms) = postSolution
		{107347C9-4C4A-46C5-A89B-574E2EC78824}.Debug|Any CPU.ActiveCfg = Debug|Any CPU
		{107347C9-4C4A-46C5-A89B-574E2EC78824}.Debug|Any CPU.Build.0 = Debug|Any CPU
		{107347C9-4C4A-46C5-A89B-574E2EC78824}.Release|Any CPU.ActiveCfg = Release|Any CPU
		{107347C9-4C4A-46C5-A89B-574E2EC78824}.Release|Any CPU.Build.0 = Release|Any CPU
	EndGlobalSection
	GlobalSection(SolutionProperties) = preSolution
		HideSolutionNode = FALSE
	EndGlobalSection
EndGlobal
